
Microsoft Visual Studio Solution File, Format Version 11.00
# Visual Studio 2010
Project("{FAE04EC0-301F-11D3-BF4B-00C04F79EFBC}") = "UnityEngine.TestRunner", "UnityEngine.TestRunner.csproj", "{AC9918C3-C955-EABB-FDC9-095C72C00C6D}"
EndProject
Project("{FAE04EC0-301F-11D3-BF4B-00C04F79EFBC}") = "Unity.Timeline", "Unity.Timeline.csproj", "{3FBDCF96-F1C6-AB66-D85E-74D8C8EA1F05}"
EndProject
Project("{FAE04EC0-301F-11D3-BF4B-00C04F79EFBC}") = "UnityEngine.UI", "UnityEngine.UI.csproj", "{E6F11476-D219-B1C1-501A-F3C8E4F3B4FB}"
EndProject
Project("{FAE04EC0-301F-11D3-BF4B-00C04F79EFBC}") = "Unity.TextMeshPro", "Unity.TextMeshPro.csproj", "{6253FA98-1395-35CB-79AF-33D6BFB81E14}"
EndProject
Project("{FAE04EC0-301F-11D3-BF4B-00C04F79EFBC}") = "Assembly-CSharp", "Assembly-CSharp.csproj", "{0F541DB5-A92B-07B7-9AD1-FEDE02D52174}"
EndProject
Project("{FAE04EC0-301F-11D3-BF4B-00C04F79EFBC}") = "UnityEditor.TestRunner", "UnityEditor.TestRunner.csproj", "{2BEF7F6E-97AD-54FF-5DD7-7E8FE7809882}"
EndProject
Project("{FAE04EC0-301F-11D3-BF4B-00C04F79EFBC}") = "Unity.PlasticSCM.Editor", "Unity.PlasticSCM.Editor.csproj", "{FFF46F7C-70AF-9DBD-C512-9D4C560344D8}"
EndProject
Project("{FAE04EC0-301F-11D3-BF4B-00C04F79EFBC}") = "UnityEditor.UI", "UnityEditor.UI.csproj", "{39F92EC6-B7D2-3184-96B4-32664034B103}"
EndProject
Project("{FAE04EC0-301F-11D3-BF4B-00C04F79EFBC}") = "Unity.Services.Core.Editor", "Unity.Services.Core.Editor.csproj", "{D750809E-9D69-AD88-5E2E-92FC330E732E}"
EndProject
Project("{FAE04EC0-301F-11D3-BF4B-00C04F79EFBC}") = "Unity.Timeline.Editor", "Unity.Timeline.Editor.csproj", "{B75D6EDB-D1C2-E593-6A19-68BC2DDB98B2}"
EndProject
Project("{FAE04EC0-301F-11D3-BF4B-00C04F79EFBC}") = "Unity.VisualStudio.Editor", "Unity.VisualStudio.Editor.csproj", "{6A7444FA-DFE0-0189-D608-C6964328F0F9}"
EndProject
Project("{FAE04EC0-301F-11D3-BF4B-00C04F79EFBC}") = "Unity.TextMeshPro.Editor", "Unity.TextMeshPro.Editor.csproj", "{289A1C95-8020-538F-6C2A-754CFEFBA4CE}"
EndProject
Project("{FAE04EC0-301F-11D3-BF4B-00C04F79EFBC}") = "Unity.CollabProxy.Editor", "Unity.CollabProxy.Editor.csproj", "{CD070BA4-7D5F-2A62-F0AA-CD55ADC31D12}"
EndProject
Project("{FAE04EC0-301F-11D3-BF4B-00C04F79EFBC}") = "Unity.Rider.Editor", "Unity.Rider.Editor.csproj", "{393F835A-C143-78CB-C5F7-013DD7615A5A}"
EndProject
Project("{FAE04EC0-301F-11D3-BF4B-00C04F79EFBC}") = "Unity.VSCode.Editor", "Unity.VSCode.Editor.csproj", "{08C4CA89-1E98-C95C-2F1B-0FC0165ED8CF}"
EndProject
Project("{FAE04EC0-301F-11D3-BF4B-00C04F79EFBC}") = "UnityEngine.TestRunner.Player", "UnityEngine.TestRunner.Player.csproj", "{1189AB36-069E-052C-3406-9D60D138866F}"
EndProject
Project("{FAE04EC0-301F-11D3-BF4B-00C04F79EFBC}") = "Unity.Timeline.Player", "Unity.Timeline.Player.csproj", "{BDFBBCD0-C4DD-31CE-FC57-6615DCE204FA}"
EndProject
Project("{FAE04EC0-301F-11D3-BF4B-00C04F79EFBC}") = "UnityEngine.UI.Player", "UnityEngine.UI.Player.csproj", "{C5601D83-032F-967F-94C1-9D1EDBD5AA62}"
EndProject
Project("{FAE04EC0-301F-11D3-BF4B-00C04F79EFBC}") = "Unity.TextMeshPro.Player", "Unity.TextMeshPro.Player.csproj", "{E063FB65-7A2A-8787-1951-58DDDFBC6E23}"
EndProject
Project("{FAE04EC0-301F-11D3-BF4B-00C04F79EFBC}") = "Assembly-CSharp.Player", "Assembly-CSharp.Player.csproj", "{DA539A0B-F363-ECB8-FBEE-274283805C09}"
EndProject
Global
	GlobalSection(SolutionConfigurationPlatforms) = preSolution
		Debug|Any CPU = Debug|Any CPU
		Release|Any CPU = Release|Any CPU
	EndGlobalSection
	GlobalSection(ProjectConfigurationPlatforms) = postSolution
		{AC9918C3-C955-EABB-FDC9-095C72C00C6D}.Debug|Any CPU.ActiveCfg = Debug|Any CPU
		{AC9918C3-C955-EABB-FDC9-095C72C00C6D}.Debug|Any CPU.Build.0 = Debug|Any CPU
		{AC9918C3-C955-EABB-FDC9-095C72C00C6D}.Release|Any CPU.ActiveCfg = Release|Any CPU
		{AC9918C3-C955-EABB-FDC9-095C72C00C6D}.Release|Any CPU.Build.0 = Release|Any CPU
		{3FBDCF96-F1C6-AB66-D85E-74D8C8EA1F05}.Debug|Any CPU.ActiveCfg = Debug|Any CPU
		{3FBDCF96-F1C6-AB66-D85E-74D8C8EA1F05}.Debug|Any CPU.Build.0 = Debug|Any CPU
		{3FBDCF96-F1C6-AB66-D85E-74D8C8EA1F05}.Release|Any CPU.ActiveCfg = Release|Any CPU
		{3FBDCF96-F1C6-AB66-D85E-74D8C8EA1F05}.Release|Any CPU.Build.0 = Release|Any CPU
		{E6F11476-D219-B1C1-501A-F3C8E4F3B4FB}.Debug|Any CPU.ActiveCfg = Debug|Any CPU
		{E6F11476-D219-B1C1-501A-F3C8E4F3B4FB}.Debug|Any CPU.Build.0 = Debug|Any CPU
		{E6F11476-D219-B1C1-501A-F3C8E4F3B4FB}.Release|Any CPU.ActiveCfg = Release|Any CPU
		{E6F11476-D219-B1C1-501A-F3C8E4F3B4FB}.Release|Any CPU.Build.0 = Release|Any CPU
		{6253FA98-1395-35CB-79AF-33D6BFB81E14}.Debug|Any CPU.ActiveCfg = Debug|Any CPU
		{6253FA98-1395-35CB-79AF-33D6BFB81E14}.Debug|Any CPU.Build.0 = Debug|Any CPU
		{6253FA98-1395-35CB-79AF-33D6BFB81E14}.Release|Any CPU.ActiveCfg = Release|Any CPU
		{6253FA98-1395-35CB-79AF-33D6BFB81E14}.Release|Any CPU.Build.0 = Release|Any CPU
		{0F541DB5-A92B-07B7-9AD1-FEDE02D52174}.Debug|Any CPU.ActiveCfg = Debug|Any CPU
		{0F541DB5-A92B-07B7-9AD1-FEDE02D52174}.Debug|Any CPU.Build.0 = Debug|Any CPU
		{0F541DB5-A92B-07B7-9AD1-FEDE02D52174}.Release|Any CPU.ActiveCfg = Release|Any CPU
		{0F541DB5-A92B-07B7-9AD1-FEDE02D52174}.Release|Any CPU.Build.0 = Release|Any CPU
		{2BEF7F6E-97AD-54FF-5DD7-7E8FE7809882}.Debug|Any CPU.ActiveCfg = Debug|Any CPU
		{2BEF7F6E-97AD-54FF-5DD7-7E8FE7809882}.Debug|Any CPU.Build.0 = Debug|Any CPU
		{2BEF7F6E-97AD-54FF-5DD7-7E8FE7809882}.Release|Any CPU.ActiveCfg = Release|Any CPU
		{2BEF7F6E-97AD-54FF-5DD7-7E8FE7809882}.Release|Any CPU.Build.0 = Release|Any CPU
		{FFF46F7C-70AF-9DBD-C512-9D4C560344D8}.Debug|Any CPU.ActiveCfg = Debug|Any CPU
		{FFF46F7C-70AF-9DBD-C512-9D4C560344D8}.Debug|Any CPU.Build.0 = Debug|Any CPU
		{FFF46F7C-70AF-9DBD-C512-9D4C560344D8}.Release|Any CPU.ActiveCfg = Release|Any CPU
		{FFF46F7C-70AF-9DBD-C512-9D4C560344D8}.Release|Any CPU.Build.0 = Release|Any CPU
		{39F92EC6-B7D2-3184-96B4-32664034B103}.Debug|Any CPU.ActiveCfg = Debug|Any CPU
		{39F92EC6-B7D2-3184-96B4-32664034B103}.Debug|Any CPU.Build.0 = Debug|Any CPU
		{39F92EC6-B7D2-3184-96B4-32664034B103}.Release|Any CPU.ActiveCfg = Release|Any CPU
		{39F92EC6-B7D2-3184-96B4-32664034B103}.Release|Any CPU.Build.0 = Release|Any CPU
		{D750809E-9D69-AD88-5E2E-92FC330E732E}.Debug|Any CPU.ActiveCfg = Debug|Any CPU
		{D750809E-9D69-AD88-5E2E-92FC330E732E}.Debug|Any CPU.Build.0 = Debug|Any CPU
		{D750809E-9D69-AD88-5E2E-92FC330E732E}.Release|Any CPU.ActiveCfg = Release|Any CPU
		{D750809E-9D69-AD88-5E2E-92FC330E732E}.Release|Any CPU.Build.0 = Release|Any CPU
		{B75D6EDB-D1C2-E593-6A19-68BC2DDB98B2}.Debug|Any CPU.ActiveCfg = Debug|Any CPU
		{B75D6EDB-D1C2-E593-6A19-68BC2DDB98B2}.Debug|Any CPU.Build.0 = Debug|Any CPU
		{B75D6EDB-D1C2-E593-6A19-68BC2DDB98B2}.Release|Any CPU.ActiveCfg = Release|Any CPU
		{B75D6EDB-D1C2-E593-6A19-68BC2DDB98B2}.Release|Any CPU.Build.0 = Release|Any CPU
		{6A7444FA-DFE0-0189-D608-C6964328F0F9}.Debug|Any CPU.ActiveCfg = Debug|Any CPU
		{6A7444FA-DFE0-0189-D608-C6964328F0F9}.Debug|Any CPU.Build.0 = Debug|Any CPU
		{6A7444FA-DFE0-0189-D608-C6964328F0F9}.Release|Any CPU.ActiveCfg = Release|Any CPU
		{6A7444FA-DFE0-0189-D608-C6964328F0F9}.Release|Any CPU.Build.0 = Release|Any CPU
		{289A1C95-8020-538F-6C2A-754CFEFBA4CE}.Debug|Any CPU.ActiveCfg = Debug|Any CPU
		{289A1C95-8020-538F-6C2A-754CFEFBA4CE}.Debug|Any CPU.Build.0 = Debug|Any CPU
		{289A1C95-8020-538F-6C2A-754CFEFBA4CE}.Release|Any CPU.ActiveCfg = Release|Any CPU
		{289A1C95-8020-538F-6C2A-754CFEFBA4CE}.Release|Any CPU.Build.0 = Release|Any CPU
		{CD070BA4-7D5F-2A62-F0AA-CD55ADC31D12}.Debug|Any CPU.ActiveCfg = Debug|Any CPU
		{CD070BA4-7D5F-2A62-F0AA-CD55ADC31D12}.Debug|Any CPU.Build.0 = Debug|Any CPU
		{CD070BA4-7D5F-2A62-F0AA-CD55ADC31D12}.Release|Any CPU.ActiveCfg = Release|Any CPU
		{CD070BA4-7D5F-2A62-F0AA-CD55ADC31D12}.Release|Any CPU.Build.0 = Release|Any CPU
		{393F835A-C143-78CB-C5F7-013DD7615A5A}.Debug|Any CPU.ActiveCfg = Debug|Any CPU
		{393F835A-C143-78CB-C5F7-013DD7615A5A}.Debug|Any CPU.Build.0 = Debug|Any CPU
		{393F835A-C143-78CB-C5F7-013DD7615A5A}.Release|Any CPU.ActiveCfg = Release|Any CPU
		{393F835A-C143-78CB-C5F7-013DD7615A5A}.Release|Any CPU.Build.0 = Release|Any CPU
		{08C4CA89-1E98-C95C-2F1B-0FC0165ED8CF}.Debug|Any CPU.ActiveCfg = Debug|Any CPU
		{08C4CA89-1E98-C95C-2F1B-0FC0165ED8CF}.Debug|Any CPU.Build.0 = Debug|Any CPU
		{08C4CA89-1E98-C95C-2F1B-0FC0165ED8CF}.Release|Any CPU.ActiveCfg = Release|Any CPU
		{08C4CA89-1E98-C95C-2F1B-0FC0165ED8CF}.Release|Any CPU.Build.0 = Release|Any CPU
		{1189AB36-069E-052C-3406-9D60D138866F}.Debug|Any CPU.ActiveCfg = Debug|Any CPU
		{1189AB36-069E-052C-3406-9D60D138866F}.Debug|Any CPU.Build.0 = Debug|Any CPU
		{1189AB36-069E-052C-3406-9D60D138866F}.Release|Any CPU.ActiveCfg = Release|Any CPU
		{1189AB36-069E-052C-3406-9D60D138866F}.Release|Any CPU.Build.0 = Release|Any CPU
		{BDFBBCD0-C4DD-31CE-FC57-6615DCE204FA}.Debug|Any CPU.ActiveCfg = Debug|Any CPU
		{BDFBBCD0-C4DD-31CE-FC57-6615DCE204FA}.Debug|Any CPU.Build.0 = Debug|Any CPU
		{BDFBBCD0-C4DD-31CE-FC57-6615DCE204FA}.Release|Any CPU.ActiveCfg = Release|Any CPU
		{BDFBBCD0-C4DD-31CE-FC57-6615DCE204FA}.Release|Any CPU.Build.0 = Release|Any CPU
		{C5601D83-032F-967F-94C1-9D1EDBD5AA62}.Debug|Any CPU.ActiveCfg = Debug|Any CPU
		{C5601D83-032F-967F-94C1-9D1EDBD5AA62}.Debug|Any CPU.Build.0 = Debug|Any CPU
		{C5601D83-032F-967F-94C1-9D1EDBD5AA62}.Release|Any CPU.ActiveCfg = Release|Any CPU
		{C5601D83-032F-967F-94C1-9D1EDBD5AA62}.Release|Any CPU.Build.0 = Release|Any CPU
		{E063FB65-7A2A-8787-1951-58DDDFBC6E23}.Debug|Any CPU.ActiveCfg = Debug|Any CPU
		{E063FB65-7A2A-8787-1951-58DDDFBC6E23}.Debug|Any CPU.Build.0 = Debug|Any CPU
		{E063FB65-7A2A-8787-1951-58DDDFBC6E23}.Release|Any CPU.ActiveCfg = Release|Any CPU
		{E063FB65-7A2A-8787-1951-58DDDFBC6E23}.Release|Any CPU.Build.0 = Release|Any CPU
		{DA539A0B-F363-ECB8-FBEE-274283805C09}.Debug|Any CPU.ActiveCfg = Debug|Any CPU
		{DA539A0B-F363-ECB8-FBEE-274283805C09}.Debug|Any CPU.Build.0 = Debug|Any CPU
		{DA539A0B-F363-ECB8-FBEE-274283805C09}.Release|Any CPU.ActiveCfg = Release|Any CPU
		{DA539A0B-F363-ECB8-FBEE-274283805C09}.Release|Any CPU.Build.0 = Release|Any CPU
	EndGlobalSection
	GlobalSection(SolutionProperties) = preSolution
		HideSolutionNode = FALSE
	EndGlobalSection
EndGlobal
